buf.build/gen/go/authaas/identity/protocolbuffers/go v1.36.12-20260920174019-cb9ef3c3aa4c.2 h1:VcVJQZi6VEPkalVjo/RSkWyAnriLgOgzfo2csw0cbSM=
buf.build/gen/go/authaas/identity/protocolbuffers/go v1.36.12-20260920174019-cb9ef3c3aa4c.2/go.mod h1:rDdpYTXLK9+NIevGNK7crsLovxjrQEgtJjFm7f+n7ME=
buf.build/gen/go/authaas/token-verifier-service/protocolbuffers/go v1.36.12-20260921154059-3b37769ad507.2 h1:/1x2gH4u7++G6CKm/LC86IHgtguzPZhkaoekxkxHs5w=
buf.build/gen/go/authaas/token-verifier-service/protocolbuffers/go v1.36.12-20260921154059-3b37769ad507.2/go.mod h1:iTET7kmObYxdg29JNuzQFckz0hbVEk+h7sVnhTkrNAQ=
buf.build/gen/go/authaas/token/protocolbuffers/go v1.36.12-20260920174249-1b86e4d5c13a.2 h1:YhAX4fOtUtFr0UWtqC9ajv6HPW6osSOxwqUl5kr5alc=
buf.build/gen/go/authaas/token/protocolbuffers/go v1.36.12-20260920174249-1b86e4d5c13a.2/go.mod h1:y7yBxUGLS3fYgWYiMDDzmLr7jx2iiVz4vxyrqn/djtw=
connectrpc.com/connect/v2 v2.0.0-alpha.1 h1:T0Fk30RdHUG8Z8K5/ezkhGclsuoPoNp7ekK/YWjuB9Q=
connectrpc.com/connect/v2 v2.0.0-alpha.1/go.mod h1:h651FA//hXdrOxDQ1Hiwte02sVqSPt+XY1Mj0kpLToI=
github.com/google/go-cmp v0.7.0 h1:wk8382ETsv4JYUZwIsn6YpYiWiBsYLSJiTsyBybVuN8=
github.com/google/go-cmp v0.7.0/go.mod h1:pXiqmnSA92OHEEa9HXL2W4E7lf9JzCmGVUdgjX3N/iU=
google.golang.org/protobuf v1.36.12 h1:pJOKDDOyeXErUroCihFAd5LQuwXBSpVnKGrj5o/fwxc=
google.golang.org/protobuf v1.36.12/go.mod h1:HTf+CrKn2C3g5S8VImy6tdcUvCska2kB7j23XfzDpco=
